
Microsoft Visual Studio Solution File, Format Version 12.00
# Visual Studio Version 17
VisualStudioVersion = 17.12.35209.166
MinimumVisualStudioVersion = 10.0.40219.1
Project("{FAE04EC0-301F-11D3-BF4B-00C04F79EFBC}") = "Valgusfoor", "Valgusfoor.csproj", "{61B062C5-4CDF-4EFB-AFA4-9FA415FDDEE5}"
EndProject
Global
	GlobalSection(SolutionConfigurationPlatforms) = preSolution
		Debug|Any CPU = Debug|Any CPU
		Release|Any CPU = Release|Any CPU
	EndGlobalSection
	GlobalSection(ProjectConfigurationPlatforms) = postSolution
		{61B062C5-4CDF-4EFB-AFA4-9FA415FDDEE5}.Debug|Any CPU.ActiveCfg = Debug|Any CPU
		{61B062C5-4CDF-4EFB-AFA4-9FA415FDDEE5}.Debug|Any CPU.Build.0 = Debug|Any CPU
		{61B062C5-4CDF-4EFB-AFA4-9FA415FDDEE5}.Debug|Any CPU.Deploy.0 = Debug|Any CPU
		{61B062C5-4CDF-4EFB-AFA4-9FA415FDDEE5}.Release|Any CPU.ActiveCfg = Release|Any CPU
		{61B062C5-4CDF-4EFB-AFA4-9FA415FDDEE5}.Release|Any CPU.Build.0 = Release|Any CPU
		{61B062C5-4CDF-4EFB-AFA4-9FA415FDDEE5}.Release|Any CPU.Deploy.0 = Release|Any CPU
	EndGlobalSection
	GlobalSection(SolutionProperties) = preSolution
		HideSolutionNode = FALSE
	EndGlobalSection
	GlobalSection(ExtensibilityGlobals) = postSolution
		SolutionGuid = {C36B851D-4C9F-4A9A-87A6-318DB1EBA934}
	EndGlobalSection
EndGlobal
